// !$*UTF8*$!
{
	archiveVersion = 1;
	classes = {
	};
	objectVersion = 56;
	objects = {

/* Begin PBXBuildFile section */
		206876F32BC915C70000A7EB /* swiftcn_uiApp.swift in Sources */ = {isa = PBXBuildFile; fileRef = 206876F22BC915C70000A7EB /* swiftcn_uiApp.swift */; };
		206876F52BC915C70000A7EB /* ContentView.swift in Sources */ = {isa = PBXBuildFile; fileRef = 206876F42BC915C70000A7EB /* ContentView.swift */; };
		206876F72BC915C80000A7EB /* Assets.xcassets in Resources */ = {isa = PBXBuildFile; fileRef = 206876F62BC915C80000A7EB /* Assets.xcassets */; };
		206876FB2BC915C80000A7EB /* Preview Assets.xcassets in Resources */ = {isa = PBXBuildFile; fileRef = 206876FA2BC915C80000A7EB /* Preview Assets.xcassets */; };
		206877052BC915C80000A7EB /* swiftcn_uiTests.swift in Sources */ = {isa = PBXBuildFile; fileRef = 206877042BC915C80000A7EB /* swiftcn_uiTests.swift */; };
		2068770F2BC915C80000A7EB /* swiftcn_uiUITests.swift in Sources */ = {isa = PBXBuildFile; fileRef = 2068770E2BC915C80000A7EB /* swiftcn_uiUITests.swift */; };
		206877112BC915C80000A7EB /* swiftcn_uiUITestsLaunchTests.swift in Sources */ = {isa = PBXBuildFile; fileRef = 206877102BC915C80000A7EB /* swiftcn_uiUITestsLaunchTests.swift */; };
/* End PBXBuildFile section */

/* Begin PBXContainerItemProxy section */
		206877012BC915C80000A7EB /* PBXContainerItemProxy */ = {
			isa = PBXContainerItemProxy;
			containerPortal = 206876E72BC915C70000A7EB /* Project object */;
			proxyType = 1;
			remoteGlobalIDString = 206876EE2BC915C70000A7EB;
			remoteInfo = "swiftcn-ui";
		};
		2068770B2BC915C80000A7EB /* PBXContainerItemProxy */ = {
			isa = PBXContainerItemProxy;
			containerPortal = 206876E72BC915C70000A7EB /* Project object */;
			proxyType = 1;
			remoteGlobalIDString = 206876EE2BC915C70000A7EB;
			remoteInfo = "swiftcn-ui";
		};
/* End PBXContainerItemProxy section */

/* Begin PBXFileReference section */
		206876EF2BC915C70000A7EB /* swiftcn-ui.app */ = {isa = PBXFileReference; explicitFileType = wrapper.application; includeInIndex = 0; path = "swiftcn-ui.app"; sourceTree = BUILT_PRODUCTS_DIR; };
		206876F22BC915C70000A7EB /* swiftcn_uiApp.swift */ = {isa = PBXFileReference; lastKnownFileType = sourcecode.swift; path = swiftcn_uiApp.swift; sourceTree = "<group>"; };
		206876F42BC915C70000A7EB /* ContentView.swift */ = {isa = PBXFileReference; lastKnownFileType = sourcecode.swift; path = ContentView.swift; sourceTree = "<group>"; };
		206876F62BC915C80000A7EB /* Assets.xcassets */ = {isa = PBXFileReference; lastKnownFileType = folder.assetcatalog; path = Assets.xcassets; sourceTree = "<group>"; };
		206876F82BC915C80000A7EB /* swiftcn_ui.entitlements */ = {isa = PBXFileReference; lastKnownFileType = text.plist.entitlements; path = swiftcn_ui.entitlements; sourceTree = "<group>"; };
		206876FA2BC915C80000A7EB /* Preview Assets.xcassets */ = {isa = PBXFileReference; lastKnownFileType = folder.assetcatalog; path = "Preview Assets.xcassets"; sourceTree = "<group>"; };
		206877002BC915C80000A7EB /* swiftcn-uiTests.xctest */ = {isa = PBXFileReference; explicitFileType = wrapper.cfbundle; includeInIndex = 0; path = "swiftcn-uiTests.xctest"; sourceTree = BUILT_PRODUCTS_DIR; };
		206877042BC915C80000A7EB /* swiftcn_uiTests.swift */ = {isa = PBXFileReference; lastKnownFileType = sourcecode.swift; path = swiftcn_uiTests.swift; sourceTree = "<group>"; };
		2068770A2BC915C80000A7EB /* swiftcn-uiUITests.xctest */ = {isa = PBXFileReference; explicitFileType = wrapper.cfbundle; includeInIndex = 0; path = "swiftcn-uiUITests.xctest"; sourceTree = BUILT_PRODUCTS_DIR; };
		2068770E2BC915C80000A7EB /* swiftcn_uiUITests.swift */ = {isa = PBXFileReference; lastKnownFileType = sourcecode.swift; path = swiftcn_uiUITests.swift; sourceTree = "<group>"; };
		206877102BC915C80000A7EB /* swiftcn_uiUITestsLaunchTests.swift */ = {isa = PBXFileReference; lastKnownFileType = sourcecode.swift; path = swiftcn_uiUITestsLaunchTests.swift; sourceTree = "<group>"; };
/* End PBXFileReference section */

/* Begin PBXFrameworksBuildPhase section */
		206876EC2BC915C70000A7EB /* Frameworks */ = {
			isa = PBXFrameworksBuildPhase;
			buildActionMask = 2147483647;
			files = (
			);
			runOnlyForDeploymentPostprocessing = 0;
		};
		206876FD2BC915C80000A7EB /* Frameworks */ = {
			isa = PBXFrameworksBuildPhase;
			buildActionMask = 2147483647;
			files = (
			);
			runOnlyForDeploymentPostprocessing = 0;
		};
		206877072BC915C80000A7EB /* Frameworks */ = {
			isa = PBXFrameworksBuildPhase;
			buildActionMask = 2147483647;
			files = (
			);
			runOnlyForDeploymentPostprocessing = 0;
		};
/* End PBXFrameworksBuildPhase section */

/* Begin PBXGroup section */
		206876E62BC915C70000A7EB = {
			isa = PBXGroup;
			children = (
				206876F12BC915C70000A7EB /* swiftcn-ui */,
				206877032BC915C80000A7EB /* swiftcn-uiTests */,
				2068770D2BC915C80000A7EB /* swiftcn-uiUITests */,
				206876F02BC915C70000A7EB /* Products */,
			);
			sourceTree = "<group>";
		};
		206876F02BC915C70000A7EB /* Products */ = {
			isa = PBXGroup;
			children = (
				206876EF2BC915C70000A7EB /* swiftcn-ui.app */,
				206877002BC915C80000A7EB /* swiftcn-uiTests.xctest */,
				2068770A2BC915C80000A7EB /* swiftcn-uiUITests.xctest */,
			);
			name = Products;
			sourceTree = "<group>";
		};
		206876F12BC915C70000A7EB /* swiftcn-ui */ = {
			isa = PBXGroup;
			children = (
				206876F22BC915C70000A7EB /* swiftcn_uiApp.swift */,
				206876F42BC915C70000A7EB /* ContentView.swift */,
				206876F62BC915C80000A7EB /* Assets.xcassets */,
				206876F82BC915C80000A7EB /* swiftcn_ui.entitlements */,
				206876F92BC915C80000A7EB /* Preview Content */,
			);
			path = "swiftcn-ui";
			sourceTree = "<group>";
		};
		206876F92BC915C80000A7EB /* Preview Content */ = {
			isa = PBXGroup;
			children = (
				206876FA2BC915C80000A7EB /* Preview Assets.xcassets */,
			);
			path = "Preview Content";
			sourceTree = "<group>";
		};
		206877032BC915C80000A7EB /* swiftcn-uiTests */ = {
			isa = PBXGroup;
			children = (
				206877042BC915C80000A7EB /* swiftcn_uiTests.swift */,
			);
			path = "swiftcn-uiTests";
			sourceTree = "<group>";
		};
		2068770D2BC915C80000A7EB /* swiftcn-uiUITests */ = {
			isa = PBXGroup;
			children = (
				2068770E2BC915C80000A7EB /* swiftcn_uiUITests.swift */,
				206877102BC915C80000A7EB /* swiftcn_uiUITestsLaunchTests.swift */,
			);
			path = "swiftcn-uiUITests";
			sourceTree = "<group>";
		};
/* End PBXGroup section */

/* Begin PBXNativeTarget section */
		206876EE2BC915C70000A7EB /* swiftcn-ui */ = {
			isa = PBXNativeTarget;
			buildConfigurationList = 206877142BC915C80000A7EB /* Build configuration list for PBXNativeTarget "swiftcn-ui" */;
			buildPhases = (
				206876EB2BC915C70000A7EB /* Sources */,
				206876EC2BC915C70000A7EB /* Frameworks */,
				206876ED2BC915C70000A7EB /* Resources */,
			);
			buildRules = (
			);
			dependencies = (
			);
			name = "swiftcn-ui";
			productName = "swiftcn-ui";
			productReference = 206876EF2BC915C70000A7EB /* swiftcn-ui.app */;
			productType = "com.apple.product-type.application";
		};
		206876FF2BC915C80000A7EB /* swiftcn-uiTests */ = {
			isa = PBXNativeTarget;
			buildConfigurationList = 206877172BC915C80000A7EB /* Build configuration list for PBXNativeTarget "swiftcn-uiTests" */;
			buildPhases = (
				206876FC2BC915C80000A7EB /* Sources */,
				206876FD2BC915C80000A7EB /* Frameworks */,
				206876FE2BC915C80000A7EB /* Resources */,
			);
			buildRules = (
			);
			dependencies = (
				206877022BC915C80000A7EB /* PBXTargetDependency */,
			);
			name = "swiftcn-uiTests";
			productName = "swiftcn-uiTests";
			productReference = 206877002BC915C80000A7EB /* swiftcn-uiTests.xctest */;
			productType = "com.apple.product-type.bundle.unit-test";
		};
		206877092BC915C80000A7EB /* swiftcn-uiUITests */ = {
			isa = PBXNativeTarget;
			buildConfigurationList = 2068771A2BC915C80000A7EB /* Build configuration list for PBXNativeTarget "swiftcn-uiUITests" */;
			buildPhases = (
				206877062BC915C80000A7EB /* Sources */,
				206877072BC915C80000A7EB /* Frameworks */,
				206877082BC915C80000A7EB /* Resources */,
			);
			buildRules = (
			);
			dependencies = (
				2068770C2BC915C80000A7EB /* PBXTargetDependency */,
			);
			name = "swiftcn-uiUITests";
			productName = "swiftcn-uiUITests";
			productReference = 2068770A2BC915C80000A7EB /* swiftcn-uiUITests.xctest */;
			productType = "com.apple.product-type.bundle.ui-testing";
		};
/* End PBXNativeTarget section */

/* Begin PBXProject section */
		206876E72BC915C70000A7EB /* Project object */ = {
			isa = PBXProject;
			attributes = {
				BuildIndependentTargetsInParallel = 1;
				LastSwiftUpdateCheck = 1530;
				LastUpgradeCheck = 1530;
				TargetAttributes = {
					206876EE2BC915C70000A7EB = {
						CreatedOnToolsVersion = 15.3;
					};
					206876FF2BC915C80000A7EB = {
						CreatedOnToolsVersion = 15.3;
						TestTargetID = 206876EE2BC915C70000A7EB;
					};
					206877092BC915C80000A7EB = {
						CreatedOnToolsVersion = 15.3;
						TestTargetID = 206876EE2BC915C70000A7EB;
					};
				};
			};
			buildConfigurationList = 206876EA2BC915C70000A7EB /* Build configuration list for PBXProject "swiftcn-ui" */;
			compatibilityVersion = "Xcode 14.0";
			developmentRegion = en;
			hasScannedForEncodings = 0;
			knownRegions = (
				en,
				Base,
			);
			mainGroup = 206876E62BC915C70000A7EB;
			productRefGroup = 206876F02BC915C70000A7EB /* Products */;
			projectDirPath = "";
			projectRoot = "";
			targets = (
				206876EE2BC915C70000A7EB /* swiftcn-ui */,
				206876FF2BC915C80000A7EB /* swiftcn-uiTests */,
				206877092BC915C80000A7EB /* swiftcn-uiUITests */,
			);
		};
/* End PBXProject section */

/* Begin PBXResourcesBuildPhase section */
		206876ED2BC915C70000A7EB /* Resources */ = {
			isa = PBXResourcesBuildPhase;
			buildActionMask = 2147483647;
			files = (
				206876FB2BC915C80000A7EB /* Preview Assets.xcassets in Resources */,
				206876F72BC915C80000A7EB /* Assets.xcassets in Resources */,
			);
			runOnlyForDeploymentPostprocessing = 0;
		};
		206876FE2BC915C80000A7EB /* Resources */ = {
			isa = PBXResourcesBuildPhase;
			buildActionMask = 2147483647;
			files = (
			);
			runOnlyForDeploymentPostprocessing = 0;
		};
		206877082BC915C80000A7EB /* Resources */ = {
			isa = PBXResourcesBuildPhase;
			buildActionMask = 2147483647;
			files = (
			);
			runOnlyForDeploymentPostprocessing = 0;
		};
/* End PBXResourcesBuildPhase section */

/* Begin PBXSourcesBuildPhase section */
		206876EB2BC915C70000A7EB /* Sources */ = {
			isa = PBXSourcesBuildPhase;
			buildActionMask = 2147483647;
			files = (
				206876F52BC915C70000A7EB /* ContentView.swift in Sources */,
				206876F32BC915C70000A7EB /* swiftcn_uiApp.swift in Sources */,
			);
			runOnlyForDeploymentPostprocessing = 0;
		};
		206876FC2BC915C80000A7EB /* Sources */ = {
			isa = PBXSourcesBuildPhase;
			buildActionMask = 2147483647;
			files = (
				206877052BC915C80000A7EB /* swiftcn_uiTests.swift in Sources */,
			);
			runOnlyForDeploymentPostprocessing = 0;
		};
		206877062BC915C80000A7EB /* Sources */ = {
			isa = PBXSourcesBuildPhase;
			buildActionMask = 2147483647;
			files = (
				2068770F2BC915C80000A7EB /* swiftcn_uiUITests.swift in Sources */,
				206877112BC915C80000A7EB /* swiftcn_uiUITestsLaunchTests.swift in Sources */,
			);
			runOnlyForDeploymentPostprocessing = 0;
		};
/* End PBXSourcesBuildPhase section */

/* Begin PBXTargetDependency section */
		206877022BC915C80000A7EB /* PBXTargetDependency */ = {
			isa = PBXTargetDependency;
			target = 206876EE2BC915C70000A7EB /* swiftcn-ui */;
			targetProxy = 206877012BC915C80000A7EB /* PBXContainerItemProxy */;
		};
		2068770C2BC915C80000A7EB /* PBXTargetDependency */ = {
			isa = PBXTargetDependency;
			target = 206876EE2BC915C70000A7EB /* swiftcn-ui */;
			targetProxy = 2068770B2BC915C80000A7EB /* PBXContainerItemProxy */;
		};
/* End PBXTargetDependency section */

/* Begin XCBuildConfiguration section */
		206877122BC915C80000A7EB /* Debug */ = {
			isa = XCBuildConfiguration;
			buildSettings = {
				ALWAYS_SEARCH_USER_PATHS = NO;
				ASSETCATALOG_COMPILER_GENERATE_SWIFT_ASSET_SYMBOL_EXTENSIONS = YES;
				CLANG_ANALYZER_NONNULL = YES;
				CLANG_ANALYZER_NUMBER_OBJECT_CONVERSION = YES_AGGRESSIVE;
				CLANG_CXX_LANGUAGE_STANDARD = "gnu++20";
				CLANG_ENABLE_MODULES = YES;
				CLANG_ENABLE_OBJC_ARC = YES;
				CLANG_ENABLE_OBJC_WEAK = YES;
				CLANG_WARN_BLOCK_CAPTURE_AUTORELEASING = YES;
				CLANG_WARN_BOOL_CONVERSION = YES;
				CLANG_WARN_COMMA = YES;
				CLANG_WARN_CONSTANT_CONVERSION = YES;
				CLANG_WARN_DEPRECATED_OBJC_IMPLEMENTATIONS = YES;
				CLANG_WARN_DIRECT_OBJC_ISA_USAGE = YES_ERROR;
				CLANG_WARN_DOCUMENTATION_COMMENTS = YES;
				CLANG_WARN_EMPTY_BODY = YES;
				CLANG_WARN_ENUM_CONVERSION = YES;
				CLANG_WARN_INFINITE_RECURSION = YES;
				CLANG_WARN_INT_CONVERSION = YES;
				CLANG_WARN_NON_LITERAL_NULL_CONVERSION = YES;
				CLANG_WARN_OBJC_IMPLICIT_RETAIN_SELF = YES;
				CLANG_WARN_OBJC_LITERAL_CONVERSION = YES;
				CLANG_WARN_OBJC_ROOT_CLASS = YES_ERROR;
				CLANG_WARN_QUOTED_INCLUDE_IN_FRAMEWORK_HEADER = YES;
				CLANG_WARN_RANGE_LOOP_ANALYSIS = YES;
				CLANG_WARN_STRICT_PROTOTYPES = YES;
				CLANG_WARN_SUSPICIOUS_MOVE = YES;
				CLANG_WARN_UNGUARDED_AVAILABILITY = YES_AGGRESSIVE;
				CLANG_WARN_UNREACHABLE_CODE = YES;
				CLANG_WARN__DUPLICATE_METHOD_MATCH = YES;
				COPY_PHASE_STRIP = NO;
				DEBUG_INFORMATION_FORMAT = dwarf;
				ENABLE_STRICT_OBJC_MSGSEND = YES;
				ENABLE_TESTABILITY = YES;
				ENABLE_USER_SCRIPT_SANDBOXING = YES;
				GCC_C_LANGUAGE_STANDARD = gnu17;
				GCC_DYNAMIC_NO_PIC = NO;
				GCC_NO_COMMON_BLOCKS = YES;
				GCC_OPTIMIZATION_LEVEL = 0;
				GCC_PREPROCESSOR_DEFINITIONS = (
					"DEBUG=1",
					"$(inherited)",
				);
				GCC_WARN_64_TO_32_BIT_CONVERSION = YES;
				GCC_WARN_ABOUT_RETURN_TYPE = YES_ERROR;
				GCC_WARN_UNDECLARED_SELECTOR = YES;
				GCC_WARN_UNINITIALIZED_AUTOS = YES_AGGRESSIVE;
				GCC_WARN_UNUSED_FUNCTION = YES;
				GCC_WARN_UNUSED_VARIABLE = YES;
				LOCALIZATION_PREFERS_STRING_CATALOGS = YES;
				MTL_ENABLE_DEBUG_INFO = INCLUDE_SOURCE;
				MTL_FAST_MATH = YES;
				ONLY_ACTIVE_ARCH = YES;
				SWIFT_ACTIVE_COMPILATION_CONDITIONS = "DEBUG $(inherited)";
				SWIFT_OPTIMIZATION_LEVEL = "-Onone";
			};
			name = Debug;
		};
		206877132BC915C80000A7EB /* Release */ = {
			isa = XCBuildConfiguration;
			buildSettings = {
				ALWAYS_SEARCH_USER_PATHS = NO;
				ASSETCATALOG_COMPILER_GENERATE_SWIFT_ASSET_SYMBOL_EXTENSIONS = YES;
				CLANG_ANALYZER_NONNULL = YES;
				CLANG_ANALYZER_NUMBER_OBJECT_CONVERSION = YES_AGGRESSIVE;
				CLANG_CXX_LANGUAGE_STANDARD = "gnu++20";
				CLANG_ENABLE_MODULES = YES;
				CLANG_ENABLE_OBJC_ARC = YES;
				CLANG_ENABLE_OBJC_WEAK = YES;
				CLANG_WARN_BLOCK_CAPTURE_AUTORELEASING = YES;
				CLANG_WARN_BOOL_CONVERSION = YES;
				CLANG_WARN_COMMA = YES;
				CLANG_WARN_CONSTANT_CONVERSION = YES;
				CLANG_WARN_DEPRECATED_OBJC_IMPLEMENTATIONS = YES;
				CLANG_WARN_DIRECT_OBJC_ISA_USAGE = YES_ERROR;
				CLANG_WARN_DOCUMENTATION_COMMENTS = YES;
				CLANG_WARN_EMPTY_BODY = YES;
				CLANG_WARN_ENUM_CONVERSION = YES;
				CLANG_WARN_INFINITE_RECURSION = YES;
				CLANG_WARN_INT_CONVERSION = YES;
				CLANG_WARN_NON_LITERAL_NULL_CONVERSION = YES;
				CLANG_WARN_OBJC_IMPLICIT_RETAIN_SELF = YES;
				CLANG_WARN_OBJC_LITERAL_CONVERSION = YES;
				CLANG_WARN_OBJC_ROOT_CLASS = YES_ERROR;
				CLANG_WARN_QUOTED_INCLUDE_IN_FRAMEWORK_HEADER = YES;
				CLANG_WARN_RANGE_LOOP_ANALYSIS = YES;
				CLANG_WARN_STRICT_PROTOTYPES = YES;
				CLANG_WARN_SUSPICIOUS_MOVE = YES;
				CLANG_WARN_UNGUARDED_AVAILABILITY = YES_AGGRESSIVE;
				CLANG_WARN_UNREACHABLE_CODE = YES;
				CLANG_WARN__DUPLICATE_METHOD_MATCH = YES;
				COPY_PHASE_STRIP = NO;
				DEBUG_INFORMATION_FORMAT = "dwarf-with-dsym";
				ENABLE_NS_ASSERTIONS = NO;
				ENABLE_STRICT_OBJC_MSGSEND = YES;
				ENABLE_USER_SCRIPT_SANDBOXING = YES;
				GCC_C_LANGUAGE_STANDARD = gnu17;
				GCC_NO_COMMON_BLOCKS = YES;
				GCC_WARN_64_TO_32_BIT_CONVERSION = YES;
				GCC_WARN_ABOUT_RETURN_TYPE = YES_ERROR;
				GCC_WARN_UNDECLARED_SELECTOR = YES;
				GCC_WARN_UNINITIALIZED_AUTOS = YES_AGGRESSIVE;
				GCC_WARN_UNUSED_FUNCTION = YES;
				GCC_WARN_UNUSED_VARIABLE = YES;
				LOCALIZATION_PREFERS_STRING_CATALOGS = YES;
				MTL_ENABLE_DEBUG_INFO = NO;
				MTL_FAST_MATH = YES;
				SWIFT_COMPILATION_MODE = wholemodule;
			};
			name = Release;
		};
		206877152BC915C80000A7EB /* Debug */ = {
			isa = XCBuildConfiguration;
			buildSettings = {
				ASSETCATALOG_COMPILER_APPICON_NAME = AppIcon;
				ASSETCATALOG_COMPILER_GLOBAL_ACCENT_COLOR_NAME = AccentColor;
				CODE_SIGN_ENTITLEMENTS = "swiftcn-ui/swiftcn_ui.entitlements";
				CODE_SIGN_STYLE = Automatic;
				CURRENT_PROJECT_VERSION = 1;
				DEVELOPMENT_ASSET_PATHS = "\"swiftcn-ui/Preview Content\"";
				DEVELOPMENT_TEAM = STU45DAFT2;
				ENABLE_HARDENED_RUNTIME = YES;
				ENABLE_PREVIEWS = YES;
				GENERATE_INFOPLIST_FILE = YES;
				"INFOPLIST_KEY_UIApplicationSceneManifest_Generation[sdk=iphoneos*]" = YES;
				"INFOPLIST_KEY_UIApplicationSceneManifest_Generation[sdk=iphonesimulator*]" = YES;
				"INFOPLIST_KEY_UIApplicationSupportsIndirectInputEvents[sdk=iphoneos*]" = YES;
				"INFOPLIST_KEY_UIApplicationSupportsIndirectInputEvents[sdk=iphonesimulator*]" = YES;
				"INFOPLIST_KEY_UILaunchScreen_Generation[sdk=iphoneos*]" = YES;
				"INFOPLIST_KEY_UILaunchScreen_Generation[sdk=iphonesimulator*]" = YES;
				"INFOPLIST_KEY_UIStatusBarStyle[sdk=iphoneos*]" = UIStatusBarStyleDefault;
				"INFOPLIST_KEY_UIStatusBarStyle[sdk=iphonesimulator*]" = UIStatusBarStyleDefault;
				INFOPLIST_KEY_UISupportedInterfaceOrientations_iPad = "UIInterfaceOrientationPortrait UIInterfaceOrientationPortraitUpsideDown UIInterfaceOrientationLandscapeLeft UIInterfaceOrientationLandscapeRight";
				INFOPLIST_KEY_UISupportedInterfaceOrientations_iPhone = "UIInterfaceOrientationPortrait UIInterfaceOrientationLandscapeLeft UIInterfaceOrientationLandscapeRight";
				IPHONEOS_DEPLOYMENT_TARGET = 17.4;
				LD_RUNPATH_SEARCH_PATHS = "@executable_path/Frameworks";
				"LD_RUNPATH_SEARCH_PATHS[sdk=macosx*]" = "@executable_path/../Frameworks";
				MACOSX_DEPLOYMENT_TARGET = 14.4;
				MARKETING_VERSION = 1.0;
				PRODUCT_BUNDLE_IDENTIFIER = "vinapp.swiftcn-ui";
				PRODUCT_NAME = "$(TARGET_NAME)";
				SDKROOT = auto;
				SUPPORTED_PLATFORMS = "iphoneos iphonesimulator macosx";
				SWIFT_EMIT_LOC_STRINGS = YES;
				SWIFT_VERSION = 5.0;
				TARGETED_DEVICE_FAMILY = "1,2";
			};
			name = Debug;
		};
		206877162BC915C80000A7EB /* Release */ = {
			isa = XCBuildConfiguration;
			buildSettings = {
				ASSETCATALOG_COMPILER_APPICON_NAME = AppIcon;
				ASSETCATALOG_COMPILER_GLOBAL_ACCENT_COLOR_NAME = AccentColor;
				CODE_SIGN_ENTITLEMENTS = "swiftcn-ui/swiftcn_ui.entitlements";
				CODE_SIGN_STYLE = Automatic;
				CURRENT_PROJECT_VERSION = 1;
				DEVELOPMENT_ASSET_PATHS = "\"swiftcn-ui/Preview Content\"";
				DEVELOPMENT_TEAM = STU45DAFT2;
				ENABLE_HARDENED_RUNTIME = YES;
				ENABLE_PREVIEWS = YES;
				GENERATE_INFOPLIST_FILE = YES;
				"INFOPLIST_KEY_UIApplicationSceneManifest_Generation[sdk=iphoneos*]" = YES;
				"INFOPLIST_KEY_UIApplicationSceneManifest_Generation[sdk=iphonesimulator*]" = YES;
				"INFOPLIST_KEY_UIApplicationSupportsIndirectInputEvents[sdk=iphoneos*]" = YES;
				"INFOPLIST_KEY_UIApplicationSupportsIndirectInputEvents[sdk=iphonesimulator*]" = YES;
				"INFOPLIST_KEY_UILaunchScreen_Generation[sdk=iphoneos*]" = YES;
				"INFOPLIST_KEY_UILaunchScreen_Generation[sdk=iphonesimulator*]" = YES;
				"INFOPLIST_KEY_UIStatusBarStyle[sdk=iphoneos*]" = UIStatusBarStyleDefault;
				"INFOPLIST_KEY_UIStatusBarStyle[sdk=iphonesimulator*]" = UIStatusBarStyleDefault;
				INFOPLIST_KEY_UISupportedInterfaceOrientations_iPad = "UIInterfaceOrientationPortrait UIInterfaceOrientationPortraitUpsideDown UIInterfaceOrientationLandscapeLeft UIInterfaceOrientationLandscapeRight";
				INFOPLIST_KEY_UISupportedInterfaceOrientations_iPhone = "UIInterfaceOrientationPortrait UIInterfaceOrientationLandscapeLeft UIInterfaceOrientationLandscapeRight";
				IPHONEOS_DEPLOYMENT_TARGET = 17.4;
				LD_RUNPATH_SEARCH_PATHS = "@executable_path/Frameworks";
				"LD_RUNPATH_SEARCH_PATHS[sdk=macosx*]" = "@executable_path/../Frameworks";
				MACOSX_DEPLOYMENT_TARGET = 14.4;
				MARKETING_VERSION = 1.0;
				PRODUCT_BUNDLE_IDENTIFIER = "vinapp.swiftcn-ui";
				PRODUCT_NAME = "$(TARGET_NAME)";
				SDKROOT = auto;
				SUPPORTED_PLATFORMS = "iphoneos iphonesimulator macosx";
				SWIFT_EMIT_LOC_STRINGS = YES;
				SWIFT_VERSION = 5.0;
				TARGETED_DEVICE_FAMILY = "1,2";
			};
			name = Release;
		};
		206877182BC915C80000A7EB /* Debug */ = {
			isa = XCBuildConfiguration;
			buildSettings = {
				ALWAYS_EMBED_SWIFT_STANDARD_LIBRARIES = YES;
				BUNDLE_LOADER = "$(TEST_HOST)";
				CODE_SIGN_STYLE = Automatic;
				CURRENT_PROJECT_VERSION = 1;
				DEVELOPMENT_TEAM = STU45DAFT2;
				GENERATE_INFOPLIST_FILE = YES;
				IPHONEOS_DEPLOYMENT_TARGET = 17.4;
				MACOSX_DEPLOYMENT_TARGET = 14.4;
				MARKETING_VERSION = 1.0;
				PRODUCT_BUNDLE_IDENTIFIER = "vinapp.swiftcn-uiTests";
				PRODUCT_NAME = "$(TARGET_NAME)";
				SDKROOT = auto;
				SUPPORTED_PLATFORMS = "iphoneos iphonesimulator macosx";
				SWIFT_EMIT_LOC_STRINGS = NO;
				SWIFT_VERSION = 5.0;
				TARGETED_DEVICE_FAMILY = "1,2";
				TEST_HOST = "$(BUILT_PRODUCTS_DIR)/swiftcn-ui.app/$(BUNDLE_EXECUTABLE_FOLDER_PATH)/swiftcn-ui";
			};
			name = Debug;
		};
		206877192BC915C80000A7EB /* Release */ = {
			isa = XCBuildConfiguration;
			buildSettings = {
				ALWAYS_EMBED_SWIFT_STANDARD_LIBRARIES = YES;
				BUNDLE_LOADER = "$(TEST_HOST)";
				CODE_SIGN_STYLE = Automatic;
				CURRENT_PROJECT_VERSION = 1;
				DEVELOPMENT_TEAM = STU45DAFT2;
				GENERATE_INFOPLIST_FILE = YES;
				IPHONEOS_DEPLOYMENT_TARGET = 17.4;
				MACOSX_DEPLOYMENT_TARGET = 14.4;
				MARKETING_VERSION = 1.0;
				PRODUCT_BUNDLE_IDENTIFIER = "vinapp.swiftcn-uiTests";
				PRODUCT_NAME = "$(TARGET_NAME)";
				SDKROOT = auto;
				SUPPORTED_PLATFORMS = "iphoneos iphonesimulator macosx";
				SWIFT_EMIT_LOC_STRINGS = NO;
				SWIFT_VERSION = 5.0;
				TARGETED_DEVICE_FAMILY = "1,2";
				TEST_HOST = "$(BUILT_PRODUCTS_DIR)/swiftcn-ui.app/$(BUNDLE_EXECUTABLE_FOLDER_PATH)/swiftcn-ui";
			};
			name = Release;
		};
		2068771B2BC915C80000A7EB /* Debug */ = {
			isa = XCBuildConfiguration;
			buildSettings = {
				ALWAYS_EMBED_SWIFT_STANDARD_LIBRARIES = YES;
				CODE_SIGN_STYLE = Automatic;
				CURRENT_PROJECT_VERSION = 1;
				DEVELOPMENT_TEAM = STU45DAFT2;
				GENERATE_INFOPLIST_FILE = YES;
				IPHONEOS_DEPLOYMENT_TARGET = 17.4;
				MACOSX_DEPLOYMENT_TARGET = 14.4;
				MARKETING_VERSION = 1.0;
				PRODUCT_BUNDLE_IDENTIFIER = "vinapp.swiftcn-uiUITests";
				PRODUCT_NAME = "$(TARGET_NAME)";
				SDKROOT = auto;
				SUPPORTED_PLATFORMS = "iphoneos iphonesimulator macosx";
				SWIFT_EMIT_LOC_STRINGS = NO;
				SWIFT_VERSION = 5.0;
				TARGETED_DEVICE_FAMILY = "1,2";
				TEST_TARGET_NAME = "swiftcn-ui";
			};
			name = Debug;
		};
		2068771C2BC915C80000A7EB /* Release */ = {
			isa = XCBuildConfiguration;
			buildSettings = {
				ALWAYS_EMBED_SWIFT_STANDARD_LIBRARIES = YES;
				CODE_SIGN_STYLE = Automatic;
				CURRENT_PROJECT_VERSION = 1;
				DEVELOPMENT_TEAM = STU45DAFT2;
				GENERATE_INFOPLIST_FILE = YES;
				IPHONEOS_DEPLOYMENT_TARGET = 17.4;
				MACOSX_DEPLOYMENT_TARGET = 14.4;
				MARKETING_VERSION = 1.0;
				PRODUCT_BUNDLE_IDENTIFIER = "vinapp.swiftcn-uiUITests";
				PRODUCT_NAME = "$(TARGET_NAME)";
				SDKROOT = auto;
				SUPPORTED_PLATFORMS = "iphoneos iphonesimulator macosx";
				SWIFT_EMIT_LOC_STRINGS = NO;
				SWIFT_VERSION = 5.0;
				TARGETED_DEVICE_FAMILY = "1,2";
				TEST_TARGET_NAME = "swiftcn-ui";
			};
			name = Release;
		};
/* End XCBuildConfiguration section */

/* Begin XCConfigurationList section */
		206876EA2BC915C70000A7EB /* Build configuration list for PBXProject "swiftcn-ui" */ = {
			isa = XCConfigurationList;
			buildConfigurations = (
				206877122BC915C80000A7EB /* Debug */,
				206877132BC915C80000A7EB /* Release */,
			);
			defaultConfigurationIsVisible = 0;
			defaultConfigurationName = Release;
		};
		206877142BC915C80000A7EB /* Build configuration list for PBXNativeTarget "swiftcn-ui" */ = {
			isa = XCConfigurationList;
			buildConfigurations = (
				206877152BC915C80000A7EB /* Debug */,
				206877162BC915C80000A7EB /* Release */,
			);
			defaultConfigurationIsVisible = 0;
			defaultConfigurationName = Release;
		};
		206877172BC915C80000A7EB /* Build configuration list for PBXNativeTarget "swiftcn-uiTests" */ = {
			isa = XCConfigurationList;
			buildConfigurations = (
				206877182BC915C80000A7EB /* Debug */,
				206877192BC915C80000A7EB /* Release */,
			);
			defaultConfigurationIsVisible = 0;
			defaultConfigurationName = Release;
		};
		2068771A2BC915C80000A7EB /* Build configuration list for PBXNativeTarget "swiftcn-uiUITests" */ = {
			isa = XCConfigurationList;
			buildConfigurations = (
				2068771B2BC915C80000A7EB /* Debug */,
				2068771C2BC915C80000A7EB /* Release */,
			);
			defaultConfigurationIsVisible = 0;
			defaultConfigurationName = Release;
		};
/* End XCConfigurationList section */
	};
	rootObject = 206876E72BC915C70000A7EB /* Project object */;
}
